
Microsoft Visual Studio Solution File, Format Version 12.00
# Visual Studio Version 17
VisualStudioVersion = 17.12.35527.113 d17.12
MinimumVisualStudioVersion = 10.0.40219.1
Project("{FAE04EC0-301F-11D3-BF4B-00C04F79EFBC}") = "API_Template", "API_Template\API_Template.csproj", "{7FA6C8B3-523E-45A1-8782-A53C1B2F61A1}"
EndProject
Project("{FAE04EC0-301F-11D3-BF4B-00C04F79EFBC}") = "API_Template.Tests", "API_Template.Tests\API_Template.Tests.csproj", "{985BEC68-B2A2-49F0-A5E1-FF2298C76CBD}"
EndProject
Global
	GlobalSection(SolutionConfigurationPlatforms) = preSolution
		Debug|Any CPU = Debug|Any CPU
		Release|Any CPU = Release|Any CPU
	EndGlobalSection
	GlobalSection(ProjectConfigurationPlatforms) = postSolution
		{7FA6C8B3-523E-45A1-8782-A53C1B2F61A1}.Debug|Any CPU.ActiveCfg = Debug|Any CPU
		{7FA6C8B3-523E-45A1-8782-A53C1B2F61A1}.Debug|Any CPU.Build.0 = Debug|Any CPU
		{7FA6C8B3-523E-45A1-8782-A53C1B2F61A1}.Release|Any CPU.ActiveCfg = Release|Any CPU
		{7FA6C8B3-523E-45A1-8782-A53C1B2F61A1}.Release|Any CPU.Build.0 = Release|Any CPU
		{985BEC68-B2A2-49F0-A5E1-FF2298C76CBD}.Debug|Any CPU.ActiveCfg = Debug|Any CPU
		{985BEC68-B2A2-49F0-A5E1-FF2298C76CBD}.Debug|Any CPU.Build.0 = Debug|Any CPU
		{985BEC68-B2A2-49F0-A5E1-FF2298C76CBD}.Release|Any CPU.ActiveCfg = Release|Any CPU
		{985BEC68-B2A2-49F0-A5E1-FF2298C76CBD}.Release|Any CPU.Build.0 = Release|Any CPU
	EndGlobalSection
	GlobalSection(SolutionProperties) = preSolution
		HideSolutionNode = FALSE
	EndGlobalSection
EndGlobal
